
Microsoft Visual Studio Solution File, Format Version 12.00
# Visual Studio 15
VisualStudioVersion = 15.0.27004.2006
MinimumVisualStudioVersion = 10.0.40219.1
Project("{FAE04EC0-301F-11D3-BF4B-00C04F79EFBC}") = "heroku-docker-test", "heroku-docker-test\heroku-docker-test.csproj", "{2922823B-9E9C-4379-95A0-C149F0F26F6E}"
EndProject
Project("{E53339B2-1760-4266-BCC7-CA923CBCF16C}") = "docker-compose", "docker-compose.dcproj", "{CDB92F57-F2D2-493D-933B-941F6B76AB28}"
EndProject
Global
	GlobalSection(SolutionConfigurationPlatforms) = preSolution
		Debug|Any CPU = Debug|Any CPU
		Release|Any CPU = Release|Any CPU
	EndGlobalSection
	GlobalSection(ProjectConfigurationPlatforms) = postSolution
		{2922823B-9E9C-4379-95A0-C149F0F26F6E}.Debug|Any CPU.ActiveCfg = Debug|Any CPU
		{2922823B-9E9C-4379-95A0-C149F0F26F6E}.Debug|Any CPU.Build.0 = Debug|Any CPU
		{2922823B-9E9C-4379-95A0-C149F0F26F6E}.Release|Any CPU.ActiveCfg = Release|Any CPU
		{2922823B-9E9C-4379-95A0-C149F0F26F6E}.Release|Any CPU.Build.0 = Release|Any CPU
		{CDB92F57-F2D2-493D-933B-941F6B76AB28}.Debug|Any CPU.ActiveCfg = Debug|Any CPU
		{CDB92F57-F2D2-493D-933B-941F6B76AB28}.Debug|Any CPU.Build.0 = Debug|Any CPU
		{CDB92F57-F2D2-493D-933B-941F6B76AB28}.Release|Any CPU.ActiveCfg = Release|Any CPU
		{CDB92F57-F2D2-493D-933B-941F6B76AB28}.Release|Any CPU.Build.0 = Release|Any CPU
	EndGlobalSection
	GlobalSection(SolutionProperties) = preSolution
		HideSolutionNode = FALSE
	EndGlobalSection
	GlobalSection(ExtensibilityGlobals) = postSolution
		SolutionGuid = {34C81FD1-CF2A-4074-BD39-1FCACB528BE8}
	EndGlobalSection
EndGlobal
